
Microsoft Visual Studio Solution File, Format Version 12.00
# Visual Studio Version 16
VisualStudioVersion = 16.0.29920.165
MinimumVisualStudioVersion = 10.0.40219.1
Project("{FAE04EC0-301F-11D3-BF4B-00C04F79EFBC}") = "RAPIS_FIMC", "RAPIS_FIMC.csproj", "{F464DD02-D4BE-4C01-AA91-AAC2E4681144}"
EndProject
Project("{2150E333-8FDC-42A3-9474-1A3956D46DE8}") = "Solution Items", "Solution Items", "{962C77BA-61DD-4BA2-AA47-1701D0A54D8E}"
	ProjectSection(SolutionItems) = preProject
		.editorconfig = .editorconfig
	EndProjectSection
EndProject
Global
	GlobalSection(SolutionConfigurationPlatforms) = preSolution
		Debug|Any CPU = Debug|Any CPU
		Release|Any CPU = Release|Any CPU
	EndGlobalSection
	GlobalSection(ProjectConfigurationPlatforms) = postSolution
		{F464DD02-D4BE-4C01-AA91-AAC2E4681144}.Debug|Any CPU.ActiveCfg = Debug|Any CPU
		{F464DD02-D4BE-4C01-AA91-AAC2E4681144}.Debug|Any CPU.Build.0 = Debug|Any CPU
		{F464DD02-D4BE-4C01-AA91-AAC2E4681144}.Release|Any CPU.ActiveCfg = Release|Any CPU
		{F464DD02-D4BE-4C01-AA91-AAC2E4681144}.Release|Any CPU.Build.0 = Release|Any CPU
	EndGlobalSection
	GlobalSection(SolutionProperties) = preSolution
		HideSolutionNode = FALSE
	EndGlobalSection
	GlobalSection(ExtensibilityGlobals) = postSolution
		SolutionGuid = {637CE24B-CC33-41B4-BB01-588DE486FDC2}
	EndGlobalSection
EndGlobal
